
Microsoft Visual Studio Solution File, Format Version 12.00
# Visual Studio Version 17
VisualStudioVersion = 17.10.35027.167
MinimumVisualStudioVersion = 10.0.40219.1
Project("{9A19103F-16F7-4668-BE54-9A1E7A4F7556}") = "MainMusicStore", "MainMusicStore\MainMusicStore.csproj", "{9C348379-2D71-499F-9CD0-3E39092FE108}"
EndProject
Project("{FAE04EC0-301F-11D3-BF4B-00C04F79EFBC}") = "MainMusicStore.DataAccess", "MainMusicStore.DataAccess\MainMusicStore.DataAccess.csproj", "{687ED947-C543-452E-8085-7D4C97D8CBDA}"
EndProject
Project("{FAE04EC0-301F-11D3-BF4B-00C04F79EFBC}") = "MainMusicStore.Models", "MainMusicStore.Models\MainMusicStore.Models.csproj", "{D42AAB3D-F2E7-49AD-B63C-8132151FE48A}"
EndProject
Project("{FAE04EC0-301F-11D3-BF4B-00C04F79EFBC}") = "MainMusicStore.Utility", "MainMusicStore.Utility\MainMusicStore.Utility.csproj", "{40D91108-8252-4BCA-81FC-D6809A46C264}"
EndProject
Global
	GlobalSection(SolutionConfigurationPlatforms) = preSolution
		Debug|Any CPU = Debug|Any CPU
		Release|Any CPU = Release|Any CPU
	EndGlobalSection
	GlobalSection(ProjectConfigurationPlatforms) = postSolution
		{9C348379-2D71-499F-9CD0-3E39092FE108}.Debug|Any CPU.ActiveCfg = Debug|Any CPU
		{9C348379-2D71-499F-9CD0-3E39092FE108}.Debug|Any CPU.Build.0 = Debug|Any CPU
		{9C348379-2D71-499F-9CD0-3E39092FE108}.Release|Any CPU.ActiveCfg = Release|Any CPU
		{9C348379-2D71-499F-9CD0-3E39092FE108}.Release|Any CPU.Build.0 = Release|Any CPU
		{687ED947-C543-452E-8085-7D4C97D8CBDA}.Debug|Any CPU.ActiveCfg = Debug|Any CPU
		{687ED947-C543-452E-8085-7D4C97D8CBDA}.Debug|Any CPU.Build.0 = Debug|Any CPU
		{687ED947-C543-452E-8085-7D4C97D8CBDA}.Release|Any CPU.ActiveCfg = Release|Any CPU
		{687ED947-C543-452E-8085-7D4C97D8CBDA}.Release|Any CPU.Build.0 = Release|Any CPU
		{D42AAB3D-F2E7-49AD-B63C-8132151FE48A}.Debug|Any CPU.ActiveCfg = Debug|Any CPU
		{D42AAB3D-F2E7-49AD-B63C-8132151FE48A}.Debug|Any CPU.Build.0 = Debug|Any CPU
		{D42AAB3D-F2E7-49AD-B63C-8132151FE48A}.Release|Any CPU.ActiveCfg = Release|Any CPU
		{D42AAB3D-F2E7-49AD-B63C-8132151FE48A}.Release|Any CPU.Build.0 = Release|Any CPU
		{40D91108-8252-4BCA-81FC-D6809A46C264}.Debug|Any CPU.ActiveCfg = Debug|Any CPU
		{40D91108-8252-4BCA-81FC-D6809A46C264}.Debug|Any CPU.Build.0 = Debug|Any CPU
		{40D91108-8252-4BCA-81FC-D6809A46C264}.Release|Any CPU.ActiveCfg = Release|Any CPU
		{40D91108-8252-4BCA-81FC-D6809A46C264}.Release|Any CPU.Build.0 = Release|Any CPU
	EndGlobalSection
	GlobalSection(SolutionProperties) = preSolution
		HideSolutionNode = FALSE
	EndGlobalSection
	GlobalSection(ExtensibilityGlobals) = postSolution
		SolutionGuid = {483DADE3-F500-4F34-BB54-7528B46D94F1}
	EndGlobalSection
EndGlobal
